
Microsoft Visual Studio Solution File, Format Version 12.00
# Visual Studio Version 17
VisualStudioVersion = 17.13.35818.85 d17.13
MinimumVisualStudioVersion = 10.0.40219.1
Project("{FAE04EC0-301F-11D3-BF4B-00C04F79EFBC}") = "Kullanıcı Adı ve Şifre Giriş Uygulaması", "Kullanıcı Adı ve Şifre Giriş Uygulaması\Kullanıcı Adı ve Şifre Giriş Uygulaması.csproj", "{0FAA70DA-7F70-48DF-B37A-66B816502002}"
EndProject
Global
	GlobalSection(SolutionConfigurationPlatforms) = preSolution
		Debug|Any CPU = Debug|Any CPU
		Release|Any CPU = Release|Any CPU
	EndGlobalSection
	GlobalSection(ProjectConfigurationPlatforms) = postSolution
		{0FAA70DA-7F70-48DF-B37A-66B816502002}.Debug|Any CPU.ActiveCfg = Debug|Any CPU
		{0FAA70DA-7F70-48DF-B37A-66B816502002}.Debug|Any CPU.Build.0 = Debug|Any CPU
		{0FAA70DA-7F70-48DF-B37A-66B816502002}.Release|Any CPU.ActiveCfg = Release|Any CPU
		{0FAA70DA-7F70-48DF-B37A-66B816502002}.Release|Any CPU.Build.0 = Release|Any CPU
	EndGlobalSection
	GlobalSection(SolutionProperties) = preSolution
		HideSolutionNode = FALSE
	EndGlobalSection
	GlobalSection(ExtensibilityGlobals) = postSolution
		SolutionGuid = {1FB775F6-9475-475B-8969-87E00AA571D8}
	EndGlobalSection
EndGlobal
